
Microsoft Visual Studio Solution File, Format Version 12.00
# Visual Studio Version 17
VisualStudioVersion = 17.3.32819.101
MinimumVisualStudioVersion = 10.0.40219.1
Project("{8BC9CEB8-8B4A-11D0-8D11-00A0C91BC942}") = "Lec1", "Lec1.vcxproj", "{6982E8CF-8563-4B2E-9640-F4CCD852A431}"
EndProject
Global
	GlobalSection(SolutionConfigurationPlatforms) = preSolution
		Debug|x64 = Debug|x64
		Debug|x86 = Debug|x86
		Release|x64 = Release|x64
		Release|x86 = Release|x86
	EndGlobalSection
	GlobalSection(ProjectConfigurationPlatforms) = postSolution
		{6982E8CF-8563-4B2E-9640-F4CCD852A431}.Debug|x64.ActiveCfg = Debug|x64
		{6982E8CF-8563-4B2E-9640-F4CCD852A431}.Debug|x64.Build.0 = Debug|x64
		{6982E8CF-8563-4B2E-9640-F4CCD852A431}.Debug|x86.ActiveCfg = Debug|Win32
		{6982E8CF-8563-4B2E-9640-F4CCD852A431}.Debug|x86.Build.0 = Debug|Win32
		{6982E8CF-8563-4B2E-9640-F4CCD852A431}.Release|x64.ActiveCfg = Release|x64
		{6982E8CF-8563-4B2E-9640-F4CCD852A431}.Release|x64.Build.0 = Release|x64
		{6982E8CF-8563-4B2E-9640-F4CCD852A431}.Release|x86.ActiveCfg = Release|Win32
		{6982E8CF-8563-4B2E-9640-F4CCD852A431}.Release|x86.Build.0 = Release|Win32
	EndGlobalSection
	GlobalSection(SolutionProperties) = preSolution
		HideSolutionNode = FALSE
	EndGlobalSection
	GlobalSection(ExtensibilityGlobals) = postSolution
		SolutionGuid = {B8DF59DB-AF85-4A23-BD9F-45F1CFCA576E}
	EndGlobalSection
EndGlobal
